// !$*UTF8*$!
{
	archiveVersion = 1;
	classes = {
	};
	objectVersion = 50;
	objects = {

/* Begin PBXBuildFile section */
		A3068A1D26169DDF00BC0476 /* AppDelegate.swift in Sources */ = {isa = PBXBuildFile; fileRef = A3068A1C26169DDF00BC0476 /* AppDelegate.swift */; };
		A3068A2126169DDF00BC0476 /* ViewController.swift in Sources */ = {isa = PBXBuildFile; fileRef = A3068A2026169DDF00BC0476 /* ViewController.swift */; };
		A3068A2426169DDF00BC0476 /* Main.storyboard in Resources */ = {isa = PBXBuildFile; fileRef = A3068A2226169DDF00BC0476 /* Main.storyboard */; };
		A3068A2626169DE000BC0476 /* Assets.xcassets in Resources */ = {isa = PBXBuildFile; fileRef = A3068A2526169DE000BC0476 /* Assets.xcassets */; };
		A3068A2926169DE000BC0476 /* LaunchScreen.storyboard in Resources */ = {isa = PBXBuildFile; fileRef = A3068A2726169DE000BC0476 /* LaunchScreen.storyboard */; };
		A3AFEFFC2619136F007A1745 /* StudentInfo.swift in Sources */ = {isa = PBXBuildFile; fileRef = A3AFEFFB2619136F007A1745 /* StudentInfo.swift */; };
		A3AFEFFF261913F6007A1745 /* StudentLocation.swift in Sources */ = {isa = PBXBuildFile; fileRef = A3AFEFFE261913F6007A1745 /* StudentLocation.swift */; };
		A3AFF00526194053007A1745 /* TableViewController.swift in Sources */ = {isa = PBXBuildFile; fileRef = A3AFF00426194053007A1745 /* TableViewController.swift */; };
		A3E259AE2618019500D77F5B /* UdacityApiCall.swift in Sources */ = {isa = PBXBuildFile; fileRef = A3E259AD2618019500D77F5B /* UdacityApiCall.swift */; };
		A3E259B22618023000D77F5B /* RequestHelper.swift in Sources */ = {isa = PBXBuildFile; fileRef = A3E259B12618023000D77F5B /* RequestHelper.swift */; };
		A3E259B62618058E00D77F5B /* LoginRequest.swift in Sources */ = {isa = PBXBuildFile; fileRef = A3E259B52618058E00D77F5B /* LoginRequest.swift */; };
		A3E259B92618077F00D77F5B /* LoginResponse.swift in Sources */ = {isa = PBXBuildFile; fileRef = A3E259B82618077F00D77F5B /* LoginResponse.swift */; };
		A3E259BC261807FD00D77F5B /* User.swift in Sources */ = {isa = PBXBuildFile; fileRef = A3E259BB261807FD00D77F5B /* User.swift */; };
		A3E259BF2618129A00D77F5B /* Session.swift in Sources */ = {isa = PBXBuildFile; fileRef = A3E259BE2618129A00D77F5B /* Session.swift */; };
		A3E259C42618D05D00D77F5B /* MapViewController.swift in Sources */ = {isa = PBXBuildFile; fileRef = A3E259C32618D05D00D77F5B /* MapViewController.swift */; };
/* End PBXBuildFile section */

/* Begin PBXFileReference section */
		A3068A1926169DDF00BC0476 /* OnTheMap.app */ = {isa = PBXFileReference; explicitFileType = wrapper.application; includeInIndex = 0; path = OnTheMap.app; sourceTree = BUILT_PRODUCTS_DIR; };
		A3068A1C26169DDF00BC0476 /* AppDelegate.swift */ = {isa = PBXFileReference; lastKnownFileType = sourcecode.swift; path = AppDelegate.swift; sourceTree = "<group>"; };
		A3068A2026169DDF00BC0476 /* ViewController.swift */ = {isa = PBXFileReference; lastKnownFileType = sourcecode.swift; path = ViewController.swift; sourceTree = "<group>"; };
		A3068A2326169DDF00BC0476 /* Base */ = {isa = PBXFileReference; lastKnownFileType = file.storyboard; name = Base; path = Base.lproj/Main.storyboard; sourceTree = "<group>"; };
		A3068A2526169DE000BC0476 /* Assets.xcassets */ = {isa = PBXFileReference; lastKnownFileType = folder.assetcatalog; path = Assets.xcassets; sourceTree = "<group>"; };
		A3068A2826169DE000BC0476 /* Base */ = {isa = PBXFileReference; lastKnownFileType = file.storyboard; name = Base; path = Base.lproj/LaunchScreen.storyboard; sourceTree = "<group>"; };
		A3068A2A26169DE000BC0476 /* Info.plist */ = {isa = PBXFileReference; lastKnownFileType = text.plist.xml; path = Info.plist; sourceTree = "<group>"; };
		A3AFEFFB2619136F007A1745 /* StudentInfo.swift */ = {isa = PBXFileReference; lastKnownFileType = sourcecode.swift; path = StudentInfo.swift; sourceTree = "<group>"; };
		A3AFEFFE261913F6007A1745 /* StudentLocation.swift */ = {isa = PBXFileReference; lastKnownFileType = sourcecode.swift; path = StudentLocation.swift; sourceTree = "<group>"; };
		A3AFF00426194053007A1745 /* TableViewController.swift */ = {isa = PBXFileReference; lastKnownFileType = sourcecode.swift; path = TableViewController.swift; sourceTree = "<group>"; };
		A3E259AD2618019500D77F5B /* UdacityApiCall.swift */ = {isa = PBXFileReference; lastKnownFileType = sourcecode.swift; path = UdacityApiCall.swift; sourceTree = "<group>"; };
		A3E259B12618023000D77F5B /* RequestHelper.swift */ = {isa = PBXFileReference; lastKnownFileType = sourcecode.swift; path = RequestHelper.swift; sourceTree = "<group>"; };
		A3E259B52618058E00D77F5B /* LoginRequest.swift */ = {isa = PBXFileReference; lastKnownFileType = sourcecode.swift; path = LoginRequest.swift; sourceTree = "<group>"; };
		A3E259B82618077F00D77F5B /* LoginResponse.swift */ = {isa = PBXFileReference; lastKnownFileType = sourcecode.swift; path = LoginResponse.swift; sourceTree = "<group>"; };
		A3E259BB261807FD00D77F5B /* User.swift */ = {isa = PBXFileReference; lastKnownFileType = sourcecode.swift; path = User.swift; sourceTree = "<group>"; };
		A3E259BE2618129A00D77F5B /* Session.swift */ = {isa = PBXFileReference; lastKnownFileType = sourcecode.swift; path = Session.swift; sourceTree = "<group>"; };
		A3E259C32618D05D00D77F5B /* MapViewController.swift */ = {isa = PBXFileReference; lastKnownFileType = sourcecode.swift; path = MapViewController.swift; sourceTree = "<group>"; };
/* End PBXFileReference section */

/* Begin PBXFrameworksBuildPhase section */
		A3068A1626169DDF00BC0476 /* Frameworks */ = {
			isa = PBXFrameworksBuildPhase;
			buildActionMask = 2147483647;
			files = (
			);
			runOnlyForDeploymentPostprocessing = 0;
		};
/* End PBXFrameworksBuildPhase section */

/* Begin PBXGroup section */
		A3068A1026169DDF00BC0476 = {
			isa = PBXGroup;
			children = (
				A3068A1B26169DDF00BC0476 /* OnTheMap */,
				A3068A1A26169DDF00BC0476 /* Products */,
			);
			sourceTree = "<group>";
		};
		A3068A1A26169DDF00BC0476 /* Products */ = {
			isa = PBXGroup;
			children = (
				A3068A1926169DDF00BC0476 /* OnTheMap.app */,
			);
			name = Products;
			sourceTree = "<group>";
		};
		A3068A1B26169DDF00BC0476 /* OnTheMap */ = {
			isa = PBXGroup;
			children = (
				A3E259AC2618017D00D77F5B /* Network */,
				A3068A332616A02F00BC0476 /* Model */,
				A3068A322616A02600BC0476 /* View */,
				A3068A312616A01D00BC0476 /* ViewController */,
				A3068A2A26169DE000BC0476 /* Info.plist */,
			);
			path = OnTheMap;
			sourceTree = "<group>";
		};
		A3068A312616A01D00BC0476 /* ViewController */ = {
			isa = PBXGroup;
			children = (
				A3068A1C26169DDF00BC0476 /* AppDelegate.swift */,
				A3068A2026169DDF00BC0476 /* ViewController.swift */,
				A3E259C32618D05D00D77F5B /* MapViewController.swift */,
				A3AFF00426194053007A1745 /* TableViewController.swift */,
			);
			path = ViewController;
			sourceTree = "<group>";
		};
		A3068A322616A02600BC0476 /* View */ = {
			isa = PBXGroup;
			children = (
				A3068A2226169DDF00BC0476 /* Main.storyboard */,
				A3068A2526169DE000BC0476 /* Assets.xcassets */,
				A3068A2726169DE000BC0476 /* LaunchScreen.storyboard */,
			);
			path = View;
			sourceTree = "<group>";
		};
		A3068A332616A02F00BC0476 /* Model */ = {
			isa = PBXGroup;
			children = (
				A3E259B82618077F00D77F5B /* LoginResponse.swift */,
				A3E259BB261807FD00D77F5B /* User.swift */,
				A3E259BE2618129A00D77F5B /* Session.swift */,
				A3AFEFFB2619136F007A1745 /* StudentInfo.swift */,
				A3AFEFFE261913F6007A1745 /* StudentLocation.swift */,
			);
			path = Model;
			sourceTree = "<group>";
		};
		A3E259AC2618017D00D77F5B /* Network */ = {
			isa = PBXGroup;
			children = (
				A3E259AD2618019500D77F5B /* UdacityApiCall.swift */,
				A3E259B12618023000D77F5B /* RequestHelper.swift */,
				A3E259B52618058E00D77F5B /* LoginRequest.swift */,
			);
			path = Network;
			sourceTree = "<group>";
		};
/* End PBXGroup section */

/* Begin PBXNativeTarget section */
		A3068A1826169DDF00BC0476 /* OnTheMap */ = {
			isa = PBXNativeTarget;
			buildConfigurationList = A3068A2D26169DE000BC0476 /* Build configuration list for PBXNativeTarget "OnTheMap" */;
			buildPhases = (
				A3068A1526169DDF00BC0476 /* Sources */,
				A3068A1626169DDF00BC0476 /* Frameworks */,
				A3068A1726169DDF00BC0476 /* Resources */,
			);
			buildRules = (
			);
			dependencies = (
			);
			name = OnTheMap;
			productName = OnTheMap;
			productReference = A3068A1926169DDF00BC0476 /* OnTheMap.app */;
			productType = "com.apple.product-type.application";
		};
/* End PBXNativeTarget section */

/* Begin PBXProject section */
		A3068A1126169DDF00BC0476 /* Project object */ = {
			isa = PBXProject;
			attributes = {
				LastSwiftUpdateCheck = 1240;
				LastUpgradeCheck = 1240;
				TargetAttributes = {
					A3068A1826169DDF00BC0476 = {
						CreatedOnToolsVersion = 12.4;
					};
				};
			};
			buildConfigurationList = A3068A1426169DDF00BC0476 /* Build configuration list for PBXProject "OnTheMap" */;
			compatibilityVersion = "Xcode 9.3";
			developmentRegion = en;
			hasScannedForEncodings = 0;
			knownRegions = (
				en,
				Base,
			);
			mainGroup = A3068A1026169DDF00BC0476;
			productRefGroup = A3068A1A26169DDF00BC0476 /* Products */;
			projectDirPath = "";
			projectRoot = "";
			targets = (
				A3068A1826169DDF00BC0476 /* OnTheMap */,
			);
		};
/* End PBXProject section */

/* Begin PBXResourcesBuildPhase section */
		A3068A1726169DDF00BC0476 /* Resources */ = {
			isa = PBXResourcesBuildPhase;
			buildActionMask = 2147483647;
			files = (
				A3068A2926169DE000BC0476 /* LaunchScreen.storyboard in Resources */,
				A3068A2626169DE000BC0476 /* Assets.xcassets in Resources */,
				A3068A2426169DDF00BC0476 /* Main.storyboard in Resources */,
			);
			runOnlyForDeploymentPostprocessing = 0;
		};
/* End PBXResourcesBuildPhase section */

/* Begin PBXSourcesBuildPhase section */
		A3068A1526169DDF00BC0476 /* Sources */ = {
			isa = PBXSourcesBuildPhase;
			buildActionMask = 2147483647;
			files = (
				A3E259AE2618019500D77F5B /* UdacityApiCall.swift in Sources */,
				A3AFEFFF261913F6007A1745 /* StudentLocation.swift in Sources */,
				A3AFEFFC2619136F007A1745 /* StudentInfo.swift in Sources */,
				A3068A2126169DDF00BC0476 /* ViewController.swift in Sources */,
				A3E259B92618077F00D77F5B /* LoginResponse.swift in Sources */,
				A3068A1D26169DDF00BC0476 /* AppDelegate.swift in Sources */,
				A3E259C42618D05D00D77F5B /* MapViewController.swift in Sources */,
				A3AFF00526194053007A1745 /* TableViewController.swift in Sources */,
				A3E259BF2618129A00D77F5B /* Session.swift in Sources */,
				A3E259B62618058E00D77F5B /* LoginRequest.swift in Sources */,
				A3E259B22618023000D77F5B /* RequestHelper.swift in Sources */,
				A3E259BC261807FD00D77F5B /* User.swift in Sources */,
			);
			runOnlyForDeploymentPostprocessing = 0;
		};
/* End PBXSourcesBuildPhase section */

/* Begin PBXVariantGroup section */
		A3068A2226169DDF00BC0476 /* Main.storyboard */ = {
			isa = PBXVariantGroup;
			children = (
				A3068A2326169DDF00BC0476 /* Base */,
			);
			name = Main.storyboard;
			sourceTree = "<group>";
		};
		A3068A2726169DE000BC0476 /* LaunchScreen.storyboard */ = {
			isa = PBXVariantGroup;
			children = (
				A3068A2826169DE000BC0476 /* Base */,
			);
			name = LaunchScreen.storyboard;
			sourceTree = "<group>";
		};
/* End PBXVariantGroup section */

/* Begin XCBuildConfiguration section */
		A3068A2B26169DE000BC0476 /* Debug */ = {
			isa = XCBuildConfiguration;
			buildSettings = {
				ALWAYS_SEARCH_USER_PATHS = NO;
				CLANG_ANALYZER_NONNULL = YES;
				CLANG_ANALYZER_NUMBER_OBJECT_CONVERSION = YES_AGGRESSIVE;
				CLANG_CXX_LANGUAGE_STANDARD = "gnu++14";
				CLANG_CXX_LIBRARY = "libc++";
				CLANG_ENABLE_MODULES = YES;
				CLANG_ENABLE_OBJC_ARC = YES;
				CLANG_ENABLE_OBJC_WEAK = YES;
				CLANG_WARN_BLOCK_CAPTURE_AUTORELEASING = YES;
				CLANG_WARN_BOOL_CONVERSION = YES;
				CLANG_WARN_COMMA = YES;
				CLANG_WARN_CONSTANT_CONVERSION = YES;
				CLANG_WARN_DEPRECATED_OBJC_IMPLEMENTATIONS = YES;
				CLANG_WARN_DIRECT_OBJC_ISA_USAGE = YES_ERROR;
				CLANG_WARN_DOCUMENTATION_COMMENTS = YES;
				CLANG_WARN_EMPTY_BODY = YES;
				CLANG_WARN_ENUM_CONVERSION = YES;
				CLANG_WARN_INFINITE_RECURSION = YES;
				CLANG_WARN_INT_CONVERSION = YES;
				CLANG_WARN_NON_LITERAL_NULL_CONVERSION = YES;
				CLANG_WARN_OBJC_IMPLICIT_RETAIN_SELF = YES;
				CLANG_WARN_OBJC_LITERAL_CONVERSION = YES;
				CLANG_WARN_OBJC_ROOT_CLASS = YES_ERROR;
				CLANG_WARN_QUOTED_INCLUDE_IN_FRAMEWORK_HEADER = YES;
				CLANG_WARN_RANGE_LOOP_ANALYSIS = YES;
				CLANG_WARN_STRICT_PROTOTYPES = YES;
				CLANG_WARN_SUSPICIOUS_MOVE = YES;
				CLANG_WARN_UNGUARDED_AVAILABILITY = YES_AGGRESSIVE;
				CLANG_WARN_UNREACHABLE_CODE = YES;
				CLANG_WARN__DUPLICATE_METHOD_MATCH = YES;
				COPY_PHASE_STRIP = NO;
				DEBUG_INFORMATION_FORMAT = dwarf;
				ENABLE_STRICT_OBJC_MSGSEND = YES;
				ENABLE_TESTABILITY = YES;
				GCC_C_LANGUAGE_STANDARD = gnu11;
				GCC_DYNAMIC_NO_PIC = NO;
				GCC_NO_COMMON_BLOCKS = YES;
				GCC_OPTIMIZATION_LEVEL = 0;
				GCC_PREPROCESSOR_DEFINITIONS = (
					"DEBUG=1",
					"$(inherited)",
				);
				GCC_WARN_64_TO_32_BIT_CONVERSION = YES;
				GCC_WARN_ABOUT_RETURN_TYPE = YES_ERROR;
				GCC_WARN_UNDECLARED_SELECTOR = YES;
				GCC_WARN_UNINITIALIZED_AUTOS = YES_AGGRESSIVE;
				GCC_WARN_UNUSED_FUNCTION = YES;
				GCC_WARN_UNUSED_VARIABLE = YES;
				IPHONEOS_DEPLOYMENT_TARGET = 14.4;
				MTL_ENABLE_DEBUG_INFO = INCLUDE_SOURCE;
				MTL_FAST_MATH = YES;
				ONLY_ACTIVE_ARCH = YES;
				SDKROOT = iphoneos;
				SWIFT_ACTIVE_COMPILATION_CONDITIONS = DEBUG;
				SWIFT_OPTIMIZATION_LEVEL = "-Onone";
			};
			name = Debug;
		};
		A3068A2C26169DE000BC0476 /* Release */ = {
			isa = XCBuildConfiguration;
			buildSettings = {
				ALWAYS_SEARCH_USER_PATHS = NO;
				CLANG_ANALYZER_NONNULL = YES;
				CLANG_ANALYZER_NUMBER_OBJECT_CONVERSION = YES_AGGRESSIVE;
				CLANG_CXX_LANGUAGE_STANDARD = "gnu++14";
				CLANG_CXX_LIBRARY = "libc++";
				CLANG_ENABLE_MODULES = YES;
				CLANG_ENABLE_OBJC_ARC = YES;
				CLANG_ENABLE_OBJC_WEAK = YES;
				CLANG_WARN_BLOCK_CAPTURE_AUTORELEASING = YES;
				CLANG_WARN_BOOL_CONVERSION = YES;
				CLANG_WARN_COMMA = YES;
				CLANG_WARN_CONSTANT_CONVERSION = YES;
				CLANG_WARN_DEPRECATED_OBJC_IMPLEMENTATIONS = YES;
				CLANG_WARN_DIRECT_OBJC_ISA_USAGE = YES_ERROR;
				CLANG_WARN_DOCUMENTATION_COMMENTS = YES;
				CLANG_WARN_EMPTY_BODY = YES;
				CLANG_WARN_ENUM_CONVERSION = YES;
				CLANG_WARN_INFINITE_RECURSION = YES;
				CLANG_WARN_INT_CONVERSION = YES;
				CLANG_WARN_NON_LITERAL_NULL_CONVERSION = YES;
				CLANG_WARN_OBJC_IMPLICIT_RETAIN_SELF = YES;
				CLANG_WARN_OBJC_LITERAL_CONVERSION = YES;
				CLANG_WARN_OBJC_ROOT_CLASS = YES_ERROR;
				CLANG_WARN_QUOTED_INCLUDE_IN_FRAMEWORK_HEADER = YES;
				CLANG_WARN_RANGE_LOOP_ANALYSIS = YES;
				CLANG_WARN_STRICT_PROTOTYPES = YES;
				CLANG_WARN_SUSPICIOUS_MOVE = YES;
				CLANG_WARN_UNGUARDED_AVAILABILITY = YES_AGGRESSIVE;
				CLANG_WARN_UNREACHABLE_CODE = YES;
				CLANG_WARN__DUPLICATE_METHOD_MATCH = YES;
				COPY_PHASE_STRIP = NO;
				DEBUG_INFORMATION_FORMAT = "dwarf-with-dsym";
				ENABLE_NS_ASSERTIONS = NO;
				ENABLE_STRICT_OBJC_MSGSEND = YES;
				GCC_C_LANGUAGE_STANDARD = gnu11;
				GCC_NO_COMMON_BLOCKS = YES;
				GCC_WARN_64_TO_32_BIT_CONVERSION = YES;
				GCC_WARN_ABOUT_RETURN_TYPE = YES_ERROR;
				GCC_WARN_UNDECLARED_SELECTOR = YES;
				GCC_WARN_UNINITIALIZED_AUTOS = YES_AGGRESSIVE;
				GCC_WARN_UNUSED_FUNCTION = YES;
				GCC_WARN_UNUSED_VARIABLE = YES;
				IPHONEOS_DEPLOYMENT_TARGET = 14.4;
				MTL_ENABLE_DEBUG_INFO = NO;
				MTL_FAST_MATH = YES;
				SDKROOT = iphoneos;
				SWIFT_COMPILATION_MODE = wholemodule;
				SWIFT_OPTIMIZATION_LEVEL = "-O";
				VALIDATE_PRODUCT = YES;
			};
			name = Release;
		};
		A3068A2E26169DE000BC0476 /* Debug */ = {
			isa = XCBuildConfiguration;
			buildSettings = {
				ASSETCATALOG_COMPILER_APPICON_NAME = AppIcon;
				ASSETCATALOG_COMPILER_GLOBAL_ACCENT_COLOR_NAME = AccentColor;
				CODE_SIGN_STYLE = Automatic;
				DEVELOPMENT_TEAM = TS5DZ3CB7T;
				INFOPLIST_FILE = OnTheMap/Info.plist;
				LD_RUNPATH_SEARCH_PATHS = (
					"$(inherited)",
					"@executable_path/Frameworks",
				);
				PRODUCT_BUNDLE_IDENTIFIER = com.udacity.leo.OnTheMap;
				PRODUCT_NAME = "$(TARGET_NAME)";
				SWIFT_VERSION = 5.0;
				TARGETED_DEVICE_FAMILY = "1,2";
			};
			name = Debug;
		};
		A3068A2F26169DE000BC0476 /* Release */ = {
			isa = XCBuildConfiguration;
			buildSettings = {
				ASSETCATALOG_COMPILER_APPICON_NAME = AppIcon;
				ASSETCATALOG_COMPILER_GLOBAL_ACCENT_COLOR_NAME = AccentColor;
				CODE_SIGN_STYLE = Automatic;
				DEVELOPMENT_TEAM = TS5DZ3CB7T;
				INFOPLIST_FILE = OnTheMap/Info.plist;
				LD_RUNPATH_SEARCH_PATHS = (
					"$(inherited)",
					"@executable_path/Frameworks",
				);
				PRODUCT_BUNDLE_IDENTIFIER = com.udacity.leo.OnTheMap;
				PRODUCT_NAME = "$(TARGET_NAME)";
				SWIFT_VERSION = 5.0;
				TARGETED_DEVICE_FAMILY = "1,2";
			};
			name = Release;
		};
/* End XCBuildConfiguration section */

/* Begin XCConfigurationList section */
		A3068A1426169DDF00BC0476 /* Build configuration list for PBXProject "OnTheMap" */ = {
			isa = XCConfigurationList;
			buildConfigurations = (
				A3068A2B26169DE000BC0476 /* Debug */,
				A3068A2C26169DE000BC0476 /* Release */,
			);
			defaultConfigurationIsVisible = 0;
			defaultConfigurationName = Release;
		};
		A3068A2D26169DE000BC0476 /* Build configuration list for PBXNativeTarget "OnTheMap" */ = {
			isa = XCConfigurationList;
			buildConfigurations = (
				A3068A2E26169DE000BC0476 /* Debug */,
				A3068A2F26169DE000BC0476 /* Release */,
			);
			defaultConfigurationIsVisible = 0;
			defaultConfigurationName = Release;
		};
/* End XCConfigurationList section */
	};
	rootObject = A3068A1126169DDF00BC0476 /* Project object */;
}
